# This file is generated by running "yarn install" inside your project.
# Manual changes might be lost - proceed with caution!

__metadata:
  version: 8
  cacheKey: 10

"@sapphire/prettier-config@npm:^2.0.0":
  version: 2.0.0
  resolution: "@sapphire/prettier-config@npm:2.0.0"
  dependencies:
    prettier: "npm:^3.0.0"
  checksum: 900ec710173f05a31e3fe25151221d2c5f0d385d2f6e0b68d3a4713412e70871e6b64c3107d1f6952fff7e5032cb37186b9b522ab1eb048bbde6de09e8ecb027
  languageName: node
  linkType: hard

"github@workspace:.":
  version: 0.0.0-use.local
  resolution: "github@workspace:."
  dependencies:
    "@sapphire/prettier-config": "npm:^2.0.0"
    prettier: "npm:^3.2.1"
  languageName: unknown
  linkType: soft

"prettier@npm:^3.0.0, prettier@npm:^3.2.1":
  version: 3.2.1
  resolution: "prettier@npm:3.2.1"
  bin:
    prettier: bin/prettier.cjs
  checksum: a26d26a74ba5cbf23a9741074ceef4f53a08ced03c42449dc9615ecd08ada9d19d5247ad2b0dfb15b2c8e57ec9f516074627b85b9f03270b08c184c64e7d8f64
  languageName: node
  linkType: hard
