# This file is generated by running "yarn install" inside your project.
# Manual changes might be lost - proceed with caution!

__metadata:
  version: 9
  cacheKey: 10

"@sapphire/prettier-config@npm:^2.0.0":
  version: 2.0.0
  resolution: "@sapphire/prettier-config@npm:2.0.0"
  dependencies:
    prettier: "npm:^3.0.0"
  checksum: 10/900ec710173f05a31e3fe25151221d2c5f0d385d2f6e0b68d3a4713412e70871e6b64c3107d1f6952fff7e5032cb37186b9b522ab1eb048bbde6de09e8ecb027
  languageName: node
  linkType: hard

"github@workspace:.":
  version: 0.0.0-use.local
  resolution: "github@workspace:."
  dependencies:
    "@sapphire/prettier-config": "npm:^2.0.0"
    prettier: "npm:^3.8.3"
  languageName: unknown
  linkType: soft

"prettier@npm:^3.0.0, prettier@npm:^3.8.3":
  version: 3.8.3
  resolution: "prettier@npm:3.8.3"
  bin:
    prettier: bin/prettier.cjs
  checksum: 10/4b3b12cbb29e4c96bed936e5d070167552500c18d37676fb3e0caae6199c42860662608e4dc116230698f6e2bb0267ef2548158224c92d40f188d309d72fdd6f
  languageName: node
  linkType: hard
